
Microsoft Visual Studio Solution File, Format Version 12.00
# Visual Studio Version 17
VisualStudioVersion = 17.6.33815.320
MinimumVisualStudioVersion = 10.0.40219.1
Project("{FAE04EC0-301F-11D3-BF4B-00C04F79EFBC}") = "TodoAppBackend", "TodoAppBackend\TodoAppBackend.csproj", "{9FA605FC-95CA-4FAA-AF6F-EF038EDEAECD}"
EndProject
Global
	GlobalSection(SolutionConfigurationPlatforms) = preSolution
		Debug|Any CPU = Debug|Any CPU
		Release|Any CPU = Release|Any CPU
	EndGlobalSection
	GlobalSection(ProjectConfigurationPlatforms) = postSolution
		{9FA605FC-95CA-4FAA-AF6F-EF038EDEAECD}.Debug|Any CPU.ActiveCfg = Debug|Any CPU
		{9FA605FC-95CA-4FAA-AF6F-EF038EDEAECD}.Debug|Any CPU.Build.0 = Debug|Any CPU
		{9FA605FC-95CA-4FAA-AF6F-EF038EDEAECD}.Release|Any CPU.ActiveCfg = Release|Any CPU
		{9FA605FC-95CA-4FAA-AF6F-EF038EDEAECD}.Release|Any CPU.Build.0 = Release|Any CPU
	EndGlobalSection
	GlobalSection(SolutionProperties) = preSolution
		HideSolutionNode = FALSE
	EndGlobalSection
	GlobalSection(ExtensibilityGlobals) = postSolution
		SolutionGuid = {85D9BD83-0D5F-425E-A96E-E912DE25539F}
	EndGlobalSection
EndGlobal
